// !$*UTF8*$!
{
	archiveVersion = 1;
	classes = {
	};
	objectVersion = 46;
	objects = {

/* Begin PBXFileReference section */
		3A130E181495A514001706D0 /* JRaceTrack.java */ = {isa = PBXFileReference; lastKnownFileType = sourcecode.java; name = JRaceTrack.java; path = Source/JRaceTrack.java; sourceTree = "<group>"; };
		3A39460314896E9000397FF2 /* Main.java */ = {isa = PBXFileReference; lastKnownFileType = sourcecode.java; name = Main.java; path = Source/Main.java; sourceTree = "<group>"; };
		3A68D20D1492684200D5609A /* JRaceTreeScene.java */ = {isa = PBXFileReference; lastKnownFileType = sourcecode.java; name = JRaceTreeScene.java; path = Source/JRaceTreeScene.java; sourceTree = "<group>"; };
		3A68D20E1492684200D5609A /* JRaceSky.java */ = {isa = PBXFileReference; lastKnownFileType = sourcecode.java; name = JRaceSky.java; path = Source/JRaceSky.java; sourceTree = "<group>"; };
		3A68D20F1492684200D5609A /* JRaceRoadGrid.java */ = {isa = PBXFileReference; lastKnownFileType = sourcecode.java; name = JRaceRoadGrid.java; path = Source/JRaceRoadGrid.java; sourceTree = "<group>"; };
		3A68D2101492684200D5609A /* JRaceRoadCorner.java */ = {isa = PBXFileReference; lastKnownFileType = sourcecode.java; name = JRaceRoadCorner.java; path = Source/JRaceRoadCorner.java; sourceTree = "<group>"; };
		3A68D2111492684200D5609A /* JRaceGrid.java */ = {isa = PBXFileReference; lastKnownFileType = sourcecode.java; name = JRaceGrid.java; path = Source/JRaceGrid.java; sourceTree = "<group>"; };
		3A68D213149269CA00D5609A /* JRaceCar.java */ = {isa = PBXFileReference; lastKnownFileType = sourcecode.java; name = JRaceCar.java; path = Source/JRaceCar.java; sourceTree = "<group>"; };
		3A68D21414926F9D00D5609A /* notes.txt */ = {isa = PBXFileReference; lastKnownFileType = text; path = notes.txt; sourceTree = "<group>"; };
		3AABD265149695DA0073D151 /* JRaceFinishLine.java */ = {isa = PBXFileReference; lastKnownFileType = sourcecode.java; name = JRaceFinishLine.java; path = Source/JRaceFinishLine.java; sourceTree = "<group>"; };
		3ABFD8D21493F4F50017713F /* Scene.java */ = {isa = PBXFileReference; lastKnownFileType = sourcecode.java; name = Scene.java; path = Source/Scene.java; sourceTree = "<group>"; };
		3ABFD8D31493F4F50017713F /* Lights.java */ = {isa = PBXFileReference; lastKnownFileType = sourcecode.java; name = Lights.java; path = Source/Lights.java; sourceTree = "<group>"; };
		3ABFD8D41493F4F50017713F /* LightButton.java */ = {isa = PBXFileReference; lastKnownFileType = sourcecode.java; name = LightButton.java; path = Source/LightButton.java; sourceTree = "<group>"; };
		3AC98B73148FEF0100D7DFE5 /* JRaceTreeModel.java */ = {isa = PBXFileReference; lastKnownFileType = sourcecode.java; name = JRaceTreeModel.java; path = Source/JRaceTreeModel.java; sourceTree = "<group>"; };
		3AC98B7C148FF11F00D7DFE5 /* JRaceSceneGrid.java */ = {isa = PBXFileReference; lastKnownFileType = sourcecode.java; name = JRaceSceneGrid.java; path = Source/JRaceSceneGrid.java; sourceTree = "<group>"; };
		3AF56520148BF5620014E5C9 /* JRaceCarModel.java */ = {isa = PBXFileReference; lastKnownFileType = sourcecode.java; name = JRaceCarModel.java; path = Source/JRaceCarModel.java; sourceTree = "<group>"; };
		3AF56521148C11930014E5C9 /* JRaceConstants.java */ = {isa = PBXFileReference; lastKnownFileType = sourcecode.java; name = JRaceConstants.java; path = Source/JRaceConstants.java; sourceTree = "<group>"; };
/* End PBXFileReference section */

/* Begin PBXGroup section */
		3AEB8C9614896DBC00D419A0 = {
			isa = PBXGroup;
			children = (
				3A130E181495A514001706D0 /* JRaceTrack.java */,
				3A39460314896E9000397FF2 /* Main.java */,
				3AF56520148BF5620014E5C9 /* JRaceCarModel.java */,
				3A68D213149269CA00D5609A /* JRaceCar.java */,
				3AABD265149695DA0073D151 /* JRaceFinishLine.java */,
				3ABFD8D21493F4F50017713F /* Scene.java */,
				3ABFD8D31493F4F50017713F /* Lights.java */,
				3ABFD8D41493F4F50017713F /* LightButton.java */,
				3A68D20D1492684200D5609A /* JRaceTreeScene.java */,
				3A68D20E1492684200D5609A /* JRaceSky.java */,
				3A68D20F1492684200D5609A /* JRaceRoadGrid.java */,
				3A68D2101492684200D5609A /* JRaceRoadCorner.java */,
				3A68D2111492684200D5609A /* JRaceGrid.java */,
				3AC98B7C148FF11F00D7DFE5 /* JRaceSceneGrid.java */,
				3AC98B73148FEF0100D7DFE5 /* JRaceTreeModel.java */,
				3AF56521148C11930014E5C9 /* JRaceConstants.java */,
				3A68D21414926F9D00D5609A /* notes.txt */,
			);
			sourceTree = "<group>";
		};
/* End PBXGroup section */

/* Begin PBXProject section */
		3AEB8C9814896DBC00D419A0 /* Project object */ = {
			isa = PBXProject;
			attributes = {
				ORGANIZATIONNAME = "Tufts University";
			};
			buildConfigurationList = 3AEB8C9B14896DBC00D419A0 /* Build configuration list for PBXProject "JRace" */;
			compatibilityVersion = "Xcode 3.2";
			developmentRegion = English;
			hasScannedForEncodings = 0;
			knownRegions = (
				en,
			);
			mainGroup = 3AEB8C9614896DBC00D419A0;
			projectDirPath = "";
			projectRoot = "";
			targets = (
			);
		};
/* End PBXProject section */

/* Begin XCBuildConfiguration section */
		3AEB8C9D14896DBC00D419A0 /* Debug */ = {
			isa = XCBuildConfiguration;
			buildSettings = {
			};
			name = Debug;
		};
		3AEB8C9E14896DBC00D419A0 /* Release */ = {
			isa = XCBuildConfiguration;
			buildSettings = {
			};
			name = Release;
		};
/* End XCBuildConfiguration section */

/* Begin XCConfigurationList section */
		3AEB8C9B14896DBC00D419A0 /* Build configuration list for PBXProject "JRace" */ = {
			isa = XCConfigurationList;
			buildConfigurations = (
				3AEB8C9D14896DBC00D419A0 /* Debug */,
				3AEB8C9E14896DBC00D419A0 /* Release */,
			);
			defaultConfigurationIsVisible = 0;
			defaultConfigurationName = Release;
		};
/* End XCConfigurationList section */
	};
	rootObject = 3AEB8C9814896DBC00D419A0 /* Project object */;
}
