// !$*UTF8*$!
{
	archiveVersion = 1;
	classes = {
	};
	objectVersion = 46;
	objects = {

/* Begin PBXFileReference section */
		3A6A1C911498169F00F85010 /* Main.java */ = {isa = PBXFileReference; lastKnownFileType = sourcecode.java; name = Main.java; path = Source/Main.java; sourceTree = "<group>"; };
		3A6A1C921498169F00F85010 /* JRaceTreeScene.java */ = {isa = PBXFileReference; lastKnownFileType = sourcecode.java; name = JRaceTreeScene.java; path = Source/JRaceTreeScene.java; sourceTree = "<group>"; };
		3A6A1C931498169F00F85010 /* JRaceTreeModel.java */ = {isa = PBXFileReference; lastKnownFileType = sourcecode.java; name = JRaceTreeModel.java; path = Source/JRaceTreeModel.java; sourceTree = "<group>"; };
		3A6A1C941498169F00F85010 /* JRaceTrack.java */ = {isa = PBXFileReference; lastKnownFileType = sourcecode.java; name = JRaceTrack.java; path = Source/JRaceTrack.java; sourceTree = "<group>"; };
		3A6A1C951498169F00F85010 /* JRaceSnowmanHead.java */ = {isa = PBXFileReference; lastKnownFileType = sourcecode.java; name = JRaceSnowmanHead.java; path = Source/JRaceSnowmanHead.java; sourceTree = "<group>"; };
		3A6A1C961498169F00F85010 /* JRaceSnowmanArm.java */ = {isa = PBXFileReference; lastKnownFileType = sourcecode.java; name = JRaceSnowmanArm.java; path = Source/JRaceSnowmanArm.java; sourceTree = "<group>"; };
		3A6A1C971498169F00F85010 /* JRaceSnowman.java */ = {isa = PBXFileReference; lastKnownFileType = sourcecode.java; name = JRaceSnowman.java; path = Source/JRaceSnowman.java; sourceTree = "<group>"; };
		3A6A1C981498169F00F85010 /* JRaceSceneGrid.java */ = {isa = PBXFileReference; lastKnownFileType = sourcecode.java; name = JRaceSceneGrid.java; path = Source/JRaceSceneGrid.java; sourceTree = "<group>"; };
		3A6A1C991498169F00F85010 /* JRaceScene.java */ = {isa = PBXFileReference; lastKnownFileType = sourcecode.java; name = JRaceScene.java; path = Source/JRaceScene.java; sourceTree = "<group>"; };
		3A6A1C9A1498169F00F85010 /* JRaceRoadGrid.java */ = {isa = PBXFileReference; lastKnownFileType = sourcecode.java; name = JRaceRoadGrid.java; path = Source/JRaceRoadGrid.java; sourceTree = "<group>"; };
		3A6A1C9B1498169F00F85010 /* JRaceRoadCorner.java */ = {isa = PBXFileReference; lastKnownFileType = sourcecode.java; name = JRaceRoadCorner.java; path = Source/JRaceRoadCorner.java; sourceTree = "<group>"; };
		3A6A1C9C1498169F00F85010 /* JRaceGrid.java */ = {isa = PBXFileReference; lastKnownFileType = sourcecode.java; name = JRaceGrid.java; path = Source/JRaceGrid.java; sourceTree = "<group>"; };
		3A6A1C9D1498169F00F85010 /* JRaceConstants.java */ = {isa = PBXFileReference; lastKnownFileType = sourcecode.java; name = JRaceConstants.java; path = Source/JRaceConstants.java; sourceTree = "<group>"; };
		3A6A1C9E1498169F00F85010 /* JRaceCarModel.java */ = {isa = PBXFileReference; lastKnownFileType = sourcecode.java; name = JRaceCarModel.java; path = Source/JRaceCarModel.java; sourceTree = "<group>"; };
		3A6A1C9F1498169F00F85010 /* JRaceCar.java */ = {isa = PBXFileReference; lastKnownFileType = sourcecode.java; name = JRaceCar.java; path = Source/JRaceCar.java; sourceTree = "<group>"; };
/* End PBXFileReference section */

/* Begin PBXGroup section */
		3AEB8C9614896DBC00D419A0 = {
			isa = PBXGroup;
			children = (
				3A6A1C911498169F00F85010 /* Main.java */,
				3A6A1C991498169F00F85010 /* JRaceScene.java */,
				3A6A1C941498169F00F85010 /* JRaceTrack.java */,
				3A6A1C9F1498169F00F85010 /* JRaceCar.java */,
				3A6A1C9E1498169F00F85010 /* JRaceCarModel.java */,
				3A6A1C971498169F00F85010 /* JRaceSnowman.java */,
				3A6A1C951498169F00F85010 /* JRaceSnowmanHead.java */,
				3A6A1C961498169F00F85010 /* JRaceSnowmanArm.java */,
				3A6A1C9C1498169F00F85010 /* JRaceGrid.java */,
				3A6A1C9A1498169F00F85010 /* JRaceRoadGrid.java */,
				3A6A1C9B1498169F00F85010 /* JRaceRoadCorner.java */,
				3A6A1C981498169F00F85010 /* JRaceSceneGrid.java */,
				3A6A1C921498169F00F85010 /* JRaceTreeScene.java */,
				3A6A1C931498169F00F85010 /* JRaceTreeModel.java */,
				3A6A1C9D1498169F00F85010 /* JRaceConstants.java */,
			);
			sourceTree = "<group>";
		};
/* End PBXGroup section */

/* Begin PBXProject section */
		3AEB8C9814896DBC00D419A0 /* Project object */ = {
			isa = PBXProject;
			attributes = {
				ORGANIZATIONNAME = "Tufts University";
			};
			buildConfigurationList = 3AEB8C9B14896DBC00D419A0 /* Build configuration list for PBXProject "JRace" */;
			compatibilityVersion = "Xcode 3.2";
			developmentRegion = English;
			hasScannedForEncodings = 0;
			knownRegions = (
				en,
			);
			mainGroup = 3AEB8C9614896DBC00D419A0;
			projectDirPath = "";
			projectRoot = "";
			targets = (
			);
		};
/* End PBXProject section */

/* Begin XCBuildConfiguration section */
		3AEB8C9D14896DBC00D419A0 /* Debug */ = {
			isa = XCBuildConfiguration;
			buildSettings = {
			};
			name = Debug;
		};
		3AEB8C9E14896DBC00D419A0 /* Release */ = {
			isa = XCBuildConfiguration;
			buildSettings = {
			};
			name = Release;
		};
/* End XCBuildConfiguration section */

/* Begin XCConfigurationList section */
		3AEB8C9B14896DBC00D419A0 /* Build configuration list for PBXProject "JRace" */ = {
			isa = XCConfigurationList;
			buildConfigurations = (
				3AEB8C9D14896DBC00D419A0 /* Debug */,
				3AEB8C9E14896DBC00D419A0 /* Release */,
			);
			defaultConfigurationIsVisible = 0;
			defaultConfigurationName = Release;
		};
/* End XCConfigurationList section */
	};
	rootObject = 3AEB8C9814896DBC00D419A0 /* Project object */;
}
